
Microsoft Visual Studio Solution File, Format Version 12.00
# Visual Studio Version 17
VisualStudioVersion = 17.0.31903.59
MinimumVisualStudioVersion = 10.0.40219.1
Project("{FAE04EC0-301F-11D3-BF4B-00C04F79EFBC}") = "CarRentalSystem.Domain", "src\CarRentalSystem.Domain\CarRentalSystem.Domain.csproj", "{89DE6E93-F98E-4933-897C-E196E9EB69E8}"
EndProject
Global
	GlobalSection(SolutionConfigurationPlatforms) = preSolution
		Debug|Any CPU = Debug|Any CPU
		Release|Any CPU = Release|Any CPU
	EndGlobalSection
	GlobalSection(ProjectConfigurationPlatforms) = postSolution
		{89DE6E93-F98E-4933-897C-E196E9EB69E8}.Debug|Any CPU.ActiveCfg = Debug|Any CPU
		{89DE6E93-F98E-4933-897C-E196E9EB69E8}.Debug|Any CPU.Build.0 = Debug|Any CPU
		{89DE6E93-F98E-4933-897C-E196E9EB69E8}.Release|Any CPU.ActiveCfg = Release|Any CPU
		{89DE6E93-F98E-4933-897C-E196E9EB69E8}.Release|Any CPU.Build.0 = Release|Any CPU
	EndGlobalSection
	GlobalSection(SolutionProperties) = preSolution
		HideSolutionNode = FALSE
	EndGlobalSection
	GlobalSection(ExtensibilityGlobals) = postSolution
		SolutionGuid = {3DE7D9AD-BDC9-4413-AC6D-ECB36FC71327}
	EndGlobalSection
EndGlobal
