
Microsoft Visual Studio Solution File, Format Version 12.00
# Visual Studio Version 17
VisualStudioVersion = 17.0.31903.59
MinimumVisualStudioVersion = 10.0.40219.1
Project("{9A19103F-16F7-4668-BE54-9A1E7A4F7556}") = "CarRentalSystem.Domain", "src\CarRentalSystem.Domain\CarRentalSystem.Domain.csproj", "{89DE6E93-F98E-4933-897C-E196E9EB69E8}"
EndProject
Project("{2150E333-8FDC-42A3-9474-1A3956D46DE8}") = "src", "src", "{0EE905A2-E1BD-40FB-ABF5-43DE0E9846EE}"
EndProject
Project("{2150E333-8FDC-42A3-9474-1A3956D46DE8}") = "tests", "tests", "{5C3CF848-55CB-4A0E-A3BF-BA48D485B383}"
EndProject
Project("{9A19103F-16F7-4668-BE54-9A1E7A4F7556}") = "CarRentalSystem.Domain.Tests", "tests\CarRentalSystem.Domain.Tests\CarRentalSystem.Domain.Tests.csproj", "{52DF5A14-A834-41AA-B44E-B731E9E44C31}"
EndProject
Project("{FAE04EC0-301F-11D3-BF4B-00C04F79EFBC}") = "CarRentalSystem.Startup", "src\CarRentalSystem.Startup\CarRentalSystem.Startup.csproj", "{0059687D-5FA6-4C3A-A275-1A50CC7A0FE5}"
EndProject
Project("{FAE04EC0-301F-11D3-BF4B-00C04F79EFBC}") = "CarRentalSystem.Web", "src\CarRentalSystem.Web\CarRentalSystem.Web.csproj", "{BDCECC2A-C67A-479F-B8E2-5CBE8FB5F9FA}"
EndProject
Project("{FAE04EC0-301F-11D3-BF4B-00C04F79EFBC}") = "CarRentalSystem.Infrastructure", "src\CarRentalSystem.Infrastructure\CarRentalSystem.Infrastructure.csproj", "{618210C6-A2C3-445E-857F-B7493425F1A9}"
EndProject
Project("{FAE04EC0-301F-11D3-BF4B-00C04F79EFBC}") = "CarRentalSystem.Application", "src\CarRentalSystem.Application\CarRentalSystem.Application.csproj", "{E9B4FBD5-8401-43EF-BE9C-A16E67431867}"
EndProject
Project("{FAE04EC0-301F-11D3-BF4B-00C04F79EFBC}") = "CarRentalSystem.Infrastructure.Tests", "tests\CarRentalSystem.Infrastructure.Tests\CarRentalSystem.Infrastructure.Tests.csproj", "{A20C2C7E-8AD1-4F64-B10B-84F3AE73FA0A}"
EndProject
Project("{FAE04EC0-301F-11D3-BF4B-00C04F79EFBC}") = "CarRentalSystem.Domain.Fakes", "tests\CarRentalSystem.Domain.Fakes\CarRentalSystem.Domain.Fakes.csproj", "{61999A14-17D6-48F0-B70D-0E021E49CE93}"
EndProject
Project("{FAE04EC0-301F-11D3-BF4B-00C04F79EFBC}") = "CarRentalSystem.Web.Tests", "tests\CarRentalSystem.Web.Tests\CarRentalSystem.Web.Tests.csproj", "{E54867CD-40AB-4B86-BB69-377E4158F08B}"
EndProject
Global
	GlobalSection(SolutionConfigurationPlatforms) = preSolution
		Debug|Any CPU = Debug|Any CPU
		Release|Any CPU = Release|Any CPU
	EndGlobalSection
	GlobalSection(ProjectConfigurationPlatforms) = postSolution
		{89DE6E93-F98E-4933-897C-E196E9EB69E8}.Debug|Any CPU.ActiveCfg = Debug|Any CPU
		{89DE6E93-F98E-4933-897C-E196E9EB69E8}.Debug|Any CPU.Build.0 = Debug|Any CPU
		{89DE6E93-F98E-4933-897C-E196E9EB69E8}.Release|Any CPU.ActiveCfg = Release|Any CPU
		{89DE6E93-F98E-4933-897C-E196E9EB69E8}.Release|Any CPU.Build.0 = Release|Any CPU
		{52DF5A14-A834-41AA-B44E-B731E9E44C31}.Debug|Any CPU.ActiveCfg = Debug|Any CPU
		{52DF5A14-A834-41AA-B44E-B731E9E44C31}.Debug|Any CPU.Build.0 = Debug|Any CPU
		{52DF5A14-A834-41AA-B44E-B731E9E44C31}.Release|Any CPU.ActiveCfg = Release|Any CPU
		{52DF5A14-A834-41AA-B44E-B731E9E44C31}.Release|Any CPU.Build.0 = Release|Any CPU
		{0059687D-5FA6-4C3A-A275-1A50CC7A0FE5}.Debug|Any CPU.ActiveCfg = Debug|Any CPU
		{0059687D-5FA6-4C3A-A275-1A50CC7A0FE5}.Debug|Any CPU.Build.0 = Debug|Any CPU
		{0059687D-5FA6-4C3A-A275-1A50CC7A0FE5}.Release|Any CPU.ActiveCfg = Release|Any CPU
		{0059687D-5FA6-4C3A-A275-1A50CC7A0FE5}.Release|Any CPU.Build.0 = Release|Any CPU
		{BDCECC2A-C67A-479F-B8E2-5CBE8FB5F9FA}.Debug|Any CPU.ActiveCfg = Debug|Any CPU
		{BDCECC2A-C67A-479F-B8E2-5CBE8FB5F9FA}.Debug|Any CPU.Build.0 = Debug|Any CPU
		{BDCECC2A-C67A-479F-B8E2-5CBE8FB5F9FA}.Release|Any CPU.ActiveCfg = Release|Any CPU
		{BDCECC2A-C67A-479F-B8E2-5CBE8FB5F9FA}.Release|Any CPU.Build.0 = Release|Any CPU
		{618210C6-A2C3-445E-857F-B7493425F1A9}.Debug|Any CPU.ActiveCfg = Debug|Any CPU
		{618210C6-A2C3-445E-857F-B7493425F1A9}.Debug|Any CPU.Build.0 = Debug|Any CPU
		{618210C6-A2C3-445E-857F-B7493425F1A9}.Release|Any CPU.ActiveCfg = Release|Any CPU
		{618210C6-A2C3-445E-857F-B7493425F1A9}.Release|Any CPU.Build.0 = Release|Any CPU
		{E9B4FBD5-8401-43EF-BE9C-A16E67431867}.Debug|Any CPU.ActiveCfg = Debug|Any CPU
		{E9B4FBD5-8401-43EF-BE9C-A16E67431867}.Debug|Any CPU.Build.0 = Debug|Any CPU
		{E9B4FBD5-8401-43EF-BE9C-A16E67431867}.Release|Any CPU.ActiveCfg = Release|Any CPU
		{E9B4FBD5-8401-43EF-BE9C-A16E67431867}.Release|Any CPU.Build.0 = Release|Any CPU
		{A20C2C7E-8AD1-4F64-B10B-84F3AE73FA0A}.Debug|Any CPU.ActiveCfg = Debug|Any CPU
		{A20C2C7E-8AD1-4F64-B10B-84F3AE73FA0A}.Debug|Any CPU.Build.0 = Debug|Any CPU
		{A20C2C7E-8AD1-4F64-B10B-84F3AE73FA0A}.Release|Any CPU.ActiveCfg = Release|Any CPU
		{A20C2C7E-8AD1-4F64-B10B-84F3AE73FA0A}.Release|Any CPU.Build.0 = Release|Any CPU
		{61999A14-17D6-48F0-B70D-0E021E49CE93}.Debug|Any CPU.ActiveCfg = Debug|Any CPU
		{61999A14-17D6-48F0-B70D-0E021E49CE93}.Debug|Any CPU.Build.0 = Debug|Any CPU
		{61999A14-17D6-48F0-B70D-0E021E49CE93}.Release|Any CPU.ActiveCfg = Release|Any CPU
		{61999A14-17D6-48F0-B70D-0E021E49CE93}.Release|Any CPU.Build.0 = Release|Any CPU
		{E54867CD-40AB-4B86-BB69-377E4158F08B}.Debug|Any CPU.ActiveCfg = Debug|Any CPU
		{E54867CD-40AB-4B86-BB69-377E4158F08B}.Debug|Any CPU.Build.0 = Debug|Any CPU
		{E54867CD-40AB-4B86-BB69-377E4158F08B}.Release|Any CPU.ActiveCfg = Release|Any CPU
		{E54867CD-40AB-4B86-BB69-377E4158F08B}.Release|Any CPU.Build.0 = Release|Any CPU
	EndGlobalSection
	GlobalSection(SolutionProperties) = preSolution
		HideSolutionNode = FALSE
	EndGlobalSection
	GlobalSection(NestedProjects) = preSolution
		{89DE6E93-F98E-4933-897C-E196E9EB69E8} = {0EE905A2-E1BD-40FB-ABF5-43DE0E9846EE}
		{52DF5A14-A834-41AA-B44E-B731E9E44C31} = {5C3CF848-55CB-4A0E-A3BF-BA48D485B383}
		{0059687D-5FA6-4C3A-A275-1A50CC7A0FE5} = {0EE905A2-E1BD-40FB-ABF5-43DE0E9846EE}
		{BDCECC2A-C67A-479F-B8E2-5CBE8FB5F9FA} = {0EE905A2-E1BD-40FB-ABF5-43DE0E9846EE}
		{618210C6-A2C3-445E-857F-B7493425F1A9} = {0EE905A2-E1BD-40FB-ABF5-43DE0E9846EE}
		{E9B4FBD5-8401-43EF-BE9C-A16E67431867} = {0EE905A2-E1BD-40FB-ABF5-43DE0E9846EE}
		{A20C2C7E-8AD1-4F64-B10B-84F3AE73FA0A} = {5C3CF848-55CB-4A0E-A3BF-BA48D485B383}
		{61999A14-17D6-48F0-B70D-0E021E49CE93} = {5C3CF848-55CB-4A0E-A3BF-BA48D485B383}
		{E54867CD-40AB-4B86-BB69-377E4158F08B} = {5C3CF848-55CB-4A0E-A3BF-BA48D485B383}
	EndGlobalSection
	GlobalSection(ExtensibilityGlobals) = postSolution
		SolutionGuid = {3DE7D9AD-BDC9-4413-AC6D-ECB36FC71327}
	EndGlobalSection
EndGlobal
